
Microsoft Visual Studio Solution File, Format Version 12.00
# Visual Studio Version 17
VisualStudioVersion = 17.7.34024.191
MinimumVisualStudioVersion = 10.0.40219.1
Project("{FAE04EC0-301F-11D3-BF4B-00C04F79EFBC}") = "SolOpizzi.CAI.Ej001", "SolOpizzi.CAI.Ej001.csproj", "{48056D89-0673-4B2D-B77B-6FC685AAC9A4}"
EndProject
Global
	GlobalSection(SolutionConfigurationPlatforms) = preSolution
		Debug|Any CPU = Debug|Any CPU
		Release|Any CPU = Release|Any CPU
	EndGlobalSection
	GlobalSection(ProjectConfigurationPlatforms) = postSolution
		{48056D89-0673-4B2D-B77B-6FC685AAC9A4}.Debug|Any CPU.ActiveCfg = Debug|Any CPU
		{48056D89-0673-4B2D-B77B-6FC685AAC9A4}.Debug|Any CPU.Build.0 = Debug|Any CPU
		{48056D89-0673-4B2D-B77B-6FC685AAC9A4}.Release|Any CPU.ActiveCfg = Release|Any CPU
		{48056D89-0673-4B2D-B77B-6FC685AAC9A4}.Release|Any CPU.Build.0 = Release|Any CPU
	EndGlobalSection
	GlobalSection(SolutionProperties) = preSolution
		HideSolutionNode = FALSE
	EndGlobalSection
	GlobalSection(ExtensibilityGlobals) = postSolution
		SolutionGuid = {CBF42BB5-BFA6-4D61-9927-4B57EF748BA7}
	EndGlobalSection
EndGlobal
